
Microsoft Visual Studio Solution File, Format Version 12.00
# Visual Studio Version 17
VisualStudioVersion = 17.14.36804.6
MinimumVisualStudioVersion = 10.0.40219.1
Project("{FAE04EC0-301F-11D3-BF4B-00C04F79EFBC}") = "ServiceHub", "ServiceHub\ServiceHub.csproj", "{4FAD20DE-1D8E-461D-8405-B014FB09D833}"
EndProject
Project("{FAE04EC0-301F-11D3-BF4B-00C04F79EFBC}") = "ServiceHubClass", "ServiceHubClass\ServiceHubClass.csproj", "{9DF626E2-E65D-4139-BED2-36BBE81DCBFE}"
EndProject
Global
	GlobalSection(SolutionConfigurationPlatforms) = preSolution
		Debug|Any CPU = Debug|Any CPU
		Release|Any CPU = Release|Any CPU
	EndGlobalSection
	GlobalSection(ProjectConfigurationPlatforms) = postSolution
		{4FAD20DE-1D8E-461D-8405-B014FB09D833}.Debug|Any CPU.ActiveCfg = Debug|Any CPU
		{4FAD20DE-1D8E-461D-8405-B014FB09D833}.Debug|Any CPU.Build.0 = Debug|Any CPU
		{4FAD20DE-1D8E-461D-8405-B014FB09D833}.Release|Any CPU.ActiveCfg = Release|Any CPU
		{4FAD20DE-1D8E-461D-8405-B014FB09D833}.Release|Any CPU.Build.0 = Release|Any CPU
		{9DF626E2-E65D-4139-BED2-36BBE81DCBFE}.Debug|Any CPU.ActiveCfg = Debug|Any CPU
		{9DF626E2-E65D-4139-BED2-36BBE81DCBFE}.Debug|Any CPU.Build.0 = Debug|Any CPU
		{9DF626E2-E65D-4139-BED2-36BBE81DCBFE}.Release|Any CPU.ActiveCfg = Release|Any CPU
		{9DF626E2-E65D-4139-BED2-36BBE81DCBFE}.Release|Any CPU.Build.0 = Release|Any CPU
	EndGlobalSection
	GlobalSection(SolutionProperties) = preSolution
		HideSolutionNode = FALSE
	EndGlobalSection
	GlobalSection(ExtensibilityGlobals) = postSolution
		SolutionGuid = {0A899EA6-C1C7-4130-97EA-B3438C6A1710}
	EndGlobalSection
EndGlobal
